
Microsoft Visual Studio Solution File, Format Version 12.00
# Visual Studio Version 16
VisualStudioVersion = 16.0.31515.178
MinimumVisualStudioVersion = 10.0.40219.1
Project("{FAE04EC0-301F-11D3-BF4B-00C04F79EFBC}") = "FirstDayBackEnd", "FirstDayBackEnd\FirstDayBackEnd.csproj", "{2F98936D-190E-4AD6-8BF9-1BD21C2B7F77}"
EndProject
Global
	GlobalSection(SolutionConfigurationPlatforms) = preSolution
		Debug|Any CPU = Debug|Any CPU
		Release|Any CPU = Release|Any CPU
	EndGlobalSection
	GlobalSection(ProjectConfigurationPlatforms) = postSolution
		{2F98936D-190E-4AD6-8BF9-1BD21C2B7F77}.Debug|Any CPU.ActiveCfg = Debug|Any CPU
		{2F98936D-190E-4AD6-8BF9-1BD21C2B7F77}.Debug|Any CPU.Build.0 = Debug|Any CPU
		{2F98936D-190E-4AD6-8BF9-1BD21C2B7F77}.Release|Any CPU.ActiveCfg = Release|Any CPU
		{2F98936D-190E-4AD6-8BF9-1BD21C2B7F77}.Release|Any CPU.Build.0 = Release|Any CPU
	EndGlobalSection
	GlobalSection(SolutionProperties) = preSolution
		HideSolutionNode = FALSE
	EndGlobalSection
	GlobalSection(ExtensibilityGlobals) = postSolution
		SolutionGuid = {C33AFBE7-0DF7-4A85-A5E7-086ACCF1D06F}
	EndGlobalSection
EndGlobal
